
Microsoft Visual Studio Solution File, Format Version 12.00
# Visual Studio 15
VisualStudioVersion = 15.0.26730.15
MinimumVisualStudioVersion = 10.0.40219.1
Project("{FAE04EC0-301F-11D3-BF4B-00C04F79EFBC}") = "Jly.MemberImprot", "Jly.MemberImprot\Jly.MemberImprot.csproj", "{D5DECFCF-DFC0-4F3C-B6E6-641944653922}"
EndProject
Project("{FAE04EC0-301F-11D3-BF4B-00C04F79EFBC}") = "Jly.Utility", "Jly.Utility\Jly.Utility.csproj", "{540BD649-1539-43DB-9E3E-CAC0B5DDB085}"
EndProject
Project("{FAE04EC0-301F-11D3-BF4B-00C04F79EFBC}") = "Jly.StartModule", "Jly.StartModule\Jly.StartModule.csproj", "{73B74A38-2F20-4683-9CC1-E8A82BC8CAAE}"
EndProject
Project("{FAE04EC0-301F-11D3-BF4B-00C04F79EFBC}") = "Jly.CustomControl", "Jly.CustomControl\Jly.CustomControl.csproj", "{FED1C16C-566F-4149-B899-F6695F842D74}"
EndProject
Global
	GlobalSection(SolutionConfigurationPlatforms) = preSolution
		Debug|Any CPU = Debug|Any CPU
		Release|Any CPU = Release|Any CPU
	EndGlobalSection
	GlobalSection(ProjectConfigurationPlatforms) = postSolution
		{D5DECFCF-DFC0-4F3C-B6E6-641944653922}.Debug|Any CPU.ActiveCfg = Debug|Any CPU
		{D5DECFCF-DFC0-4F3C-B6E6-641944653922}.Debug|Any CPU.Build.0 = Debug|Any CPU
		{D5DECFCF-DFC0-4F3C-B6E6-641944653922}.Release|Any CPU.ActiveCfg = Release|Any CPU
		{D5DECFCF-DFC0-4F3C-B6E6-641944653922}.Release|Any CPU.Build.0 = Release|Any CPU
		{540BD649-1539-43DB-9E3E-CAC0B5DDB085}.Debug|Any CPU.ActiveCfg = Debug|Any CPU
		{540BD649-1539-43DB-9E3E-CAC0B5DDB085}.Debug|Any CPU.Build.0 = Debug|Any CPU
		{540BD649-1539-43DB-9E3E-CAC0B5DDB085}.Release|Any CPU.ActiveCfg = Release|Any CPU
		{540BD649-1539-43DB-9E3E-CAC0B5DDB085}.Release|Any CPU.Build.0 = Release|Any CPU
		{73B74A38-2F20-4683-9CC1-E8A82BC8CAAE}.Debug|Any CPU.ActiveCfg = Debug|Any CPU
		{73B74A38-2F20-4683-9CC1-E8A82BC8CAAE}.Debug|Any CPU.Build.0 = Debug|Any CPU
		{73B74A38-2F20-4683-9CC1-E8A82BC8CAAE}.Release|Any CPU.ActiveCfg = Release|Any CPU
		{73B74A38-2F20-4683-9CC1-E8A82BC8CAAE}.Release|Any CPU.Build.0 = Release|Any CPU
		{FED1C16C-566F-4149-B899-F6695F842D74}.Debug|Any CPU.ActiveCfg = Debug|Any CPU
		{FED1C16C-566F-4149-B899-F6695F842D74}.Debug|Any CPU.Build.0 = Debug|Any CPU
		{FED1C16C-566F-4149-B899-F6695F842D74}.Release|Any CPU.ActiveCfg = Release|Any CPU
		{FED1C16C-566F-4149-B899-F6695F842D74}.Release|Any CPU.Build.0 = Release|Any CPU
	EndGlobalSection
	GlobalSection(SolutionProperties) = preSolution
		HideSolutionNode = FALSE
	EndGlobalSection
	GlobalSection(ExtensibilityGlobals) = postSolution
		SolutionGuid = {9604B599-0D80-4B55-8ABB-0DB481D781DE}
	EndGlobalSection
EndGlobal
